
Microsoft Visual Studio Solution File, Format Version 12.00
# Visual Studio Version 16
VisualStudioVersion = 16.0.32106.194
MinimumVisualStudioVersion = 10.0.40219.1
Project("{FAE04EC0-301F-11D3-BF4B-00C04F79EFBC}") = "assign2", "assign2.csproj", "{03DF0465-FE23-4039-AFE4-5B6EBCA60DFE}"
EndProject
Global
	GlobalSection(SolutionConfigurationPlatforms) = preSolution
		Debug|Any CPU = Debug|Any CPU
		Release|Any CPU = Release|Any CPU
	EndGlobalSection
	GlobalSection(ProjectConfigurationPlatforms) = postSolution
		{03DF0465-FE23-4039-AFE4-5B6EBCA60DFE}.Debug|Any CPU.ActiveCfg = Debug|Any CPU
		{03DF0465-FE23-4039-AFE4-5B6EBCA60DFE}.Debug|Any CPU.Build.0 = Debug|Any CPU
		{03DF0465-FE23-4039-AFE4-5B6EBCA60DFE}.Release|Any CPU.ActiveCfg = Release|Any CPU
		{03DF0465-FE23-4039-AFE4-5B6EBCA60DFE}.Release|Any CPU.Build.0 = Release|Any CPU
	EndGlobalSection
	GlobalSection(SolutionProperties) = preSolution
		HideSolutionNode = FALSE
	EndGlobalSection
	GlobalSection(ExtensibilityGlobals) = postSolution
		SolutionGuid = {0BC9BF2D-A76C-4D01-904D-8D01A4A028E7}
	EndGlobalSection
EndGlobal
